
Microsoft Visual Studio Solution File, Format Version 12.00
# Visual Studio Version 17
VisualStudioVersion = 17.4.33213.308
MinimumVisualStudioVersion = 10.0.40219.1
Project("{FAE04EC0-301F-11D3-BF4B-00C04F79EFBC}") = "D01_OOP_Encapsulation", "D01_OOP_Encapsulation\D01_OOP_Encapsulation.csproj", "{19D65C71-BFE9-4E41-A713-FD2FD13089F1}"
EndProject
Project("{FAE04EC0-301F-11D3-BF4B-00C04F79EFBC}") = "D00_Utility", "D00_Utility\D00_Utility.csproj", "{4B007FA1-1A3B-4AF5-9AB2-3B43E8B581C3}"
EndProject
Project("{FAE04EC0-301F-11D3-BF4B-00C04F79EFBC}") = "D02_OOP_Inheritance", "D02_OOP_Inheritance\D02_OOP_Inheritance.csproj", "{8FD6659D-B80C-44F6-B3AB-C0CCC203E099}"
EndProject
Project("{FAE04EC0-301F-11D3-BF4B-00C04F79EFBC}") = "D03_OOP_Polymorphism", "D03_OOP_Polymorphism\D03_OOP_Polymorphism.csproj", "{1222C5E3-C83D-47E3-B3C8-CF51DFEEEDE4}"
EndProject
Project("{FAE04EC0-301F-11D3-BF4B-00C04F79EFBC}") = "D04_OOP_Abstraction", "D04_OOP_Abstraction\D04_OOP_Abstraction.csproj", "{F0F04BF9-1C26-405E-BFB1-A6D25CFB4BAB}"
EndProject
Project("{FAE04EC0-301F-11D3-BF4B-00C04F79EFBC}") = "D05_OOP_Interfaces", "D05_OOP_Interfaces\D05_OOP_Interfaces.csproj", "{CB40E597-C8E0-473D-A462-D5ED592CC88A}"
EndProject
Project("{FAE04EC0-301F-11D3-BF4B-00C04F79EFBC}") = "E01_Calculadora_V1", "Calculadora_V1\E01_Calculadora_V1.csproj", "{3BB40DAC-8F97-449E-8A80-CC28B5A88A4E}"
EndProject
Project("{FAE04EC0-301F-11D3-BF4B-00C04F79EFBC}") = "E01_OOP_Interfaces_Vehicle", "E01_OOP_Interfaces_Vehicle\E01_OOP_Interfaces_Vehicle.csproj", "{0DC26D05-D70A-457B-8BEC-DC43BB48DDFA}"
EndProject
Project("{FAE04EC0-301F-11D3-BF4B-00C04F79EFBC}") = "D06_Collections_ArrayList", "D06_Collections_ArrayList\D06_Collections_ArrayList.csproj", "{3A3DCC6E-D104-4CCD-A682-5C69926DBC03}"
EndProject
Project("{FAE04EC0-301F-11D3-BF4B-00C04F79EFBC}") = "D07_CollectionsGenericList", "D07_CollectionsGeneric\D07_CollectionsGenericList.csproj", "{4FE5FD34-5124-4636-A3E8-A704D4C75B82}"
EndProject
Project("{FAE04EC0-301F-11D3-BF4B-00C04F79EFBC}") = "D08_CollectionsGeneric_Queue", "D08_CollectionsGeneric_Queue\D08_CollectionsGeneric_Queue.csproj", "{52D31E29-8BA2-4BE4-8FD8-61F77572C709}"
EndProject
Project("{FAE04EC0-301F-11D3-BF4B-00C04F79EFBC}") = "D09_CollectionsGeneric_Stack", "D09_CollectionsGeneric_Stack\D09_CollectionsGeneric_Stack.csproj", "{43FE8AB2-4057-40C3-9D1E-F450E1D40841}"
EndProject
Project("{FAE04EC0-301F-11D3-BF4B-00C04F79EFBC}") = "D10_CollectionsGeneric_Dictornary", "D10_CollectionsGeneric_Dictornary\D10_CollectionsGeneric_Dictornary.csproj", "{BE94C4A4-26C0-4527-8CBA-7019F4B20E1D}"
EndProject
Project("{FAE04EC0-301F-11D3-BF4B-00C04F79EFBC}") = "D11_Collections_IEnumerable", "D11_Collections_IEnumerable\D11_Collections_IEnumerable.csproj", "{E06B4F70-F1C3-4DF1-92DC-2849E4C04B97}"
EndProject
Project("{FAE04EC0-301F-11D3-BF4B-00C04F79EFBC}") = "E02_OOP_Collections_Car", "E02_OOP_Collections_Car\E02_OOP_Collections_Car.csproj", "{38A345CC-3821-45A4-B1D6-67B9DEC5AD66}"
EndProject
Project("{FAE04EC0-301F-11D3-BF4B-00C04F79EFBC}") = "D12_LINQ", "D12_LINQ\D12_LINQ.csproj", "{90CD5FCA-4D75-4C0E-9136-A10DCD938243}"
EndProject
Global
	GlobalSection(SolutionConfigurationPlatforms) = preSolution
		Debug|Any CPU = Debug|Any CPU
		Release|Any CPU = Release|Any CPU
	EndGlobalSection
	GlobalSection(ProjectConfigurationPlatforms) = postSolution
		{19D65C71-BFE9-4E41-A713-FD2FD13089F1}.Debug|Any CPU.ActiveCfg = Debug|Any CPU
		{19D65C71-BFE9-4E41-A713-FD2FD13089F1}.Debug|Any CPU.Build.0 = Debug|Any CPU
		{19D65C71-BFE9-4E41-A713-FD2FD13089F1}.Release|Any CPU.ActiveCfg = Release|Any CPU
		{19D65C71-BFE9-4E41-A713-FD2FD13089F1}.Release|Any CPU.Build.0 = Release|Any CPU
		{4B007FA1-1A3B-4AF5-9AB2-3B43E8B581C3}.Debug|Any CPU.ActiveCfg = Debug|Any CPU
		{4B007FA1-1A3B-4AF5-9AB2-3B43E8B581C3}.Debug|Any CPU.Build.0 = Debug|Any CPU
		{4B007FA1-1A3B-4AF5-9AB2-3B43E8B581C3}.Release|Any CPU.ActiveCfg = Release|Any CPU
		{4B007FA1-1A3B-4AF5-9AB2-3B43E8B581C3}.Release|Any CPU.Build.0 = Release|Any CPU
		{8FD6659D-B80C-44F6-B3AB-C0CCC203E099}.Debug|Any CPU.ActiveCfg = Debug|Any CPU
		{8FD6659D-B80C-44F6-B3AB-C0CCC203E099}.Debug|Any CPU.Build.0 = Debug|Any CPU
		{8FD6659D-B80C-44F6-B3AB-C0CCC203E099}.Release|Any CPU.ActiveCfg = Release|Any CPU
		{8FD6659D-B80C-44F6-B3AB-C0CCC203E099}.Release|Any CPU.Build.0 = Release|Any CPU
		{1222C5E3-C83D-47E3-B3C8-CF51DFEEEDE4}.Debug|Any CPU.ActiveCfg = Debug|Any CPU
		{1222C5E3-C83D-47E3-B3C8-CF51DFEEEDE4}.Debug|Any CPU.Build.0 = Debug|Any CPU
		{1222C5E3-C83D-47E3-B3C8-CF51DFEEEDE4}.Release|Any CPU.ActiveCfg = Release|Any CPU
		{1222C5E3-C83D-47E3-B3C8-CF51DFEEEDE4}.Release|Any CPU.Build.0 = Release|Any CPU
		{F0F04BF9-1C26-405E-BFB1-A6D25CFB4BAB}.Debug|Any CPU.ActiveCfg = Debug|Any CPU
		{F0F04BF9-1C26-405E-BFB1-A6D25CFB4BAB}.Debug|Any CPU.Build.0 = Debug|Any CPU
		{F0F04BF9-1C26-405E-BFB1-A6D25CFB4BAB}.Release|Any CPU.ActiveCfg = Release|Any CPU
		{F0F04BF9-1C26-405E-BFB1-A6D25CFB4BAB}.Release|Any CPU.Build.0 = Release|Any CPU
		{CB40E597-C8E0-473D-A462-D5ED592CC88A}.Debug|Any CPU.ActiveCfg = Debug|Any CPU
		{CB40E597-C8E0-473D-A462-D5ED592CC88A}.Debug|Any CPU.Build.0 = Debug|Any CPU
		{CB40E597-C8E0-473D-A462-D5ED592CC88A}.Release|Any CPU.ActiveCfg = Release|Any CPU
		{CB40E597-C8E0-473D-A462-D5ED592CC88A}.Release|Any CPU.Build.0 = Release|Any CPU
		{3BB40DAC-8F97-449E-8A80-CC28B5A88A4E}.Debug|Any CPU.ActiveCfg = Debug|Any CPU
		{3BB40DAC-8F97-449E-8A80-CC28B5A88A4E}.Debug|Any CPU.Build.0 = Debug|Any CPU
		{3BB40DAC-8F97-449E-8A80-CC28B5A88A4E}.Release|Any CPU.ActiveCfg = Release|Any CPU
		{3BB40DAC-8F97-449E-8A80-CC28B5A88A4E}.Release|Any CPU.Build.0 = Release|Any CPU
		{0DC26D05-D70A-457B-8BEC-DC43BB48DDFA}.Debug|Any CPU.ActiveCfg = Debug|Any CPU
		{0DC26D05-D70A-457B-8BEC-DC43BB48DDFA}.Debug|Any CPU.Build.0 = Debug|Any CPU
		{0DC26D05-D70A-457B-8BEC-DC43BB48DDFA}.Release|Any CPU.ActiveCfg = Release|Any CPU
		{0DC26D05-D70A-457B-8BEC-DC43BB48DDFA}.Release|Any CPU.Build.0 = Release|Any CPU
		{3A3DCC6E-D104-4CCD-A682-5C69926DBC03}.Debug|Any CPU.ActiveCfg = Debug|Any CPU
		{3A3DCC6E-D104-4CCD-A682-5C69926DBC03}.Debug|Any CPU.Build.0 = Debug|Any CPU
		{3A3DCC6E-D104-4CCD-A682-5C69926DBC03}.Release|Any CPU.ActiveCfg = Release|Any CPU
		{3A3DCC6E-D104-4CCD-A682-5C69926DBC03}.Release|Any CPU.Build.0 = Release|Any CPU
		{4FE5FD34-5124-4636-A3E8-A704D4C75B82}.Debug|Any CPU.ActiveCfg = Debug|Any CPU
		{4FE5FD34-5124-4636-A3E8-A704D4C75B82}.Debug|Any CPU.Build.0 = Debug|Any CPU
		{4FE5FD34-5124-4636-A3E8-A704D4C75B82}.Release|Any CPU.ActiveCfg = Release|Any CPU
		{4FE5FD34-5124-4636-A3E8-A704D4C75B82}.Release|Any CPU.Build.0 = Release|Any CPU
		{52D31E29-8BA2-4BE4-8FD8-61F77572C709}.Debug|Any CPU.ActiveCfg = Debug|Any CPU
		{52D31E29-8BA2-4BE4-8FD8-61F77572C709}.Debug|Any CPU.Build.0 = Debug|Any CPU
		{52D31E29-8BA2-4BE4-8FD8-61F77572C709}.Release|Any CPU.ActiveCfg = Release|Any CPU
		{52D31E29-8BA2-4BE4-8FD8-61F77572C709}.Release|Any CPU.Build.0 = Release|Any CPU
		{43FE8AB2-4057-40C3-9D1E-F450E1D40841}.Debug|Any CPU.ActiveCfg = Debug|Any CPU
		{43FE8AB2-4057-40C3-9D1E-F450E1D40841}.Debug|Any CPU.Build.0 = Debug|Any CPU
		{43FE8AB2-4057-40C3-9D1E-F450E1D40841}.Release|Any CPU.ActiveCfg = Release|Any CPU
		{43FE8AB2-4057-40C3-9D1E-F450E1D40841}.Release|Any CPU.Build.0 = Release|Any CPU
		{BE94C4A4-26C0-4527-8CBA-7019F4B20E1D}.Debug|Any CPU.ActiveCfg = Debug|Any CPU
		{BE94C4A4-26C0-4527-8CBA-7019F4B20E1D}.Debug|Any CPU.Build.0 = Debug|Any CPU
		{BE94C4A4-26C0-4527-8CBA-7019F4B20E1D}.Release|Any CPU.ActiveCfg = Release|Any CPU
		{BE94C4A4-26C0-4527-8CBA-7019F4B20E1D}.Release|Any CPU.Build.0 = Release|Any CPU
		{E06B4F70-F1C3-4DF1-92DC-2849E4C04B97}.Debug|Any CPU.ActiveCfg = Debug|Any CPU
		{E06B4F70-F1C3-4DF1-92DC-2849E4C04B97}.Debug|Any CPU.Build.0 = Debug|Any CPU
		{E06B4F70-F1C3-4DF1-92DC-2849E4C04B97}.Release|Any CPU.ActiveCfg = Release|Any CPU
		{E06B4F70-F1C3-4DF1-92DC-2849E4C04B97}.Release|Any CPU.Build.0 = Release|Any CPU
		{38A345CC-3821-45A4-B1D6-67B9DEC5AD66}.Debug|Any CPU.ActiveCfg = Debug|Any CPU
		{38A345CC-3821-45A4-B1D6-67B9DEC5AD66}.Debug|Any CPU.Build.0 = Debug|Any CPU
		{38A345CC-3821-45A4-B1D6-67B9DEC5AD66}.Release|Any CPU.ActiveCfg = Release|Any CPU
		{38A345CC-3821-45A4-B1D6-67B9DEC5AD66}.Release|Any CPU.Build.0 = Release|Any CPU
		{90CD5FCA-4D75-4C0E-9136-A10DCD938243}.Debug|Any CPU.ActiveCfg = Debug|Any CPU
		{90CD5FCA-4D75-4C0E-9136-A10DCD938243}.Debug|Any CPU.Build.0 = Debug|Any CPU
		{90CD5FCA-4D75-4C0E-9136-A10DCD938243}.Release|Any CPU.ActiveCfg = Release|Any CPU
		{90CD5FCA-4D75-4C0E-9136-A10DCD938243}.Release|Any CPU.Build.0 = Release|Any CPU
	EndGlobalSection
	GlobalSection(SolutionProperties) = preSolution
		HideSolutionNode = FALSE
	EndGlobalSection
	GlobalSection(ExtensibilityGlobals) = postSolution
		SolutionGuid = {DAA8CEA5-C446-4666-A412-A83D3AB82F60}
	EndGlobalSection
EndGlobal
